
Microsoft Visual Studio Solution File, Format Version 12.00
# Visual Studio Version 17
VisualStudioVersion = 17.8.34330.188
MinimumVisualStudioVersion = 10.0.40219.1
Project("{FAE04EC0-301F-11D3-BF4B-00C04F79EFBC}") = "Epaper", "Epaper.csproj", "{F43222A6-C601-4E0C-A458-512622BAC5FB}"
EndProject
Global
	GlobalSection(SolutionConfigurationPlatforms) = preSolution
		Debug|Any CPU = Debug|Any CPU
		Release|Any CPU = Release|Any CPU
	EndGlobalSection
	GlobalSection(ProjectConfigurationPlatforms) = postSolution
		{F43222A6-C601-4E0C-A458-512622BAC5FB}.Debug|Any CPU.ActiveCfg = Debug|Any CPU
		{F43222A6-C601-4E0C-A458-512622BAC5FB}.Debug|Any CPU.Build.0 = Debug|Any CPU
		{F43222A6-C601-4E0C-A458-512622BAC5FB}.Release|Any CPU.ActiveCfg = Release|Any CPU
		{F43222A6-C601-4E0C-A458-512622BAC5FB}.Release|Any CPU.Build.0 = Release|Any CPU
	EndGlobalSection
	GlobalSection(SolutionProperties) = preSolution
		HideSolutionNode = FALSE
	EndGlobalSection
	GlobalSection(ExtensibilityGlobals) = postSolution
		SolutionGuid = {1A72EFF9-6127-4EDC-92E6-2028B5CB9D97}
	EndGlobalSection
EndGlobal
